// !$*UTF8*$!
{
	archiveVersion = 1;
	classes = {
	};
	objectVersion = 50;
	objects = {

/* Begin PBXBuildFile section */
		E27C03B326BC13F000AFF748 /* AppDelegate.swift in Sources */ = {isa = PBXBuildFile; fileRef = E27C03B226BC13F000AFF748 /* AppDelegate.swift */; };
		E27C03B526BC13F000AFF748 /* SceneDelegate.swift in Sources */ = {isa = PBXBuildFile; fileRef = E27C03B426BC13F000AFF748 /* SceneDelegate.swift */; };
		E27C03B726BC13F000AFF748 /* ViewController.swift in Sources */ = {isa = PBXBuildFile; fileRef = E27C03B626BC13F000AFF748 /* ViewController.swift */; };
		E27C03BA26BC13F000AFF748 /* Main.storyboard in Resources */ = {isa = PBXBuildFile; fileRef = E27C03B826BC13F000AFF748 /* Main.storyboard */; };
		E27C03BC26BC13F200AFF748 /* Assets.xcassets in Resources */ = {isa = PBXBuildFile; fileRef = E27C03BB26BC13F200AFF748 /* Assets.xcassets */; };
		E27C03BF26BC13F200AFF748 /* LaunchScreen.storyboard in Resources */ = {isa = PBXBuildFile; fileRef = E27C03BD26BC13F200AFF748 /* LaunchScreen.storyboard */; };
		E27C03D126BC41BC00AFF748 /* YearCollectionViewCell.swift in Sources */ = {isa = PBXBuildFile; fileRef = E27C03D026BC41BC00AFF748 /* YearCollectionViewCell.swift */; };
/* End PBXBuildFile section */

/* Begin PBXFileReference section */
		E27C03AF26BC13F000AFF748 /* Eurovision Scoreboard.app */ = {isa = PBXFileReference; explicitFileType = wrapper.application; includeInIndex = 0; path = "Eurovision Scoreboard.app"; sourceTree = BUILT_PRODUCTS_DIR; };
		E27C03B226BC13F000AFF748 /* AppDelegate.swift */ = {isa = PBXFileReference; lastKnownFileType = sourcecode.swift; path = AppDelegate.swift; sourceTree = "<group>"; };
		E27C03B426BC13F000AFF748 /* SceneDelegate.swift */ = {isa = PBXFileReference; lastKnownFileType = sourcecode.swift; path = SceneDelegate.swift; sourceTree = "<group>"; };
		E27C03B626BC13F000AFF748 /* ViewController.swift */ = {isa = PBXFileReference; lastKnownFileType = sourcecode.swift; path = ViewController.swift; sourceTree = "<group>"; };
		E27C03B926BC13F000AFF748 /* Base */ = {isa = PBXFileReference; lastKnownFileType = file.storyboard; name = Base; path = Base.lproj/Main.storyboard; sourceTree = "<group>"; };
		E27C03BB26BC13F200AFF748 /* Assets.xcassets */ = {isa = PBXFileReference; lastKnownFileType = folder.assetcatalog; path = Assets.xcassets; sourceTree = "<group>"; };
		E27C03BE26BC13F200AFF748 /* Base */ = {isa = PBXFileReference; lastKnownFileType = file.storyboard; name = Base; path = Base.lproj/LaunchScreen.storyboard; sourceTree = "<group>"; };
		E27C03C026BC13F200AFF748 /* Info.plist */ = {isa = PBXFileReference; lastKnownFileType = text.plist.xml; path = Info.plist; sourceTree = "<group>"; };
		E27C03D026BC41BC00AFF748 /* YearCollectionViewCell.swift */ = {isa = PBXFileReference; lastKnownFileType = sourcecode.swift; name = YearCollectionViewCell.swift; path = ../../../../Documents/YearCollectionViewCell.swift; sourceTree = "<group>"; };
/* End PBXFileReference section */

/* Begin PBXFrameworksBuildPhase section */
		E27C03AC26BC13F000AFF748 /* Frameworks */ = {
			isa = PBXFrameworksBuildPhase;
			buildActionMask = 2147483647;
			files = (
			);
			runOnlyForDeploymentPostprocessing = 0;
		};
/* End PBXFrameworksBuildPhase section */

/* Begin PBXGroup section */
		E27C03A626BC13F000AFF748 = {
			isa = PBXGroup;
			children = (
				E27C03B126BC13F000AFF748 /* Eurovision Scoreboard */,
				E27C03B026BC13F000AFF748 /* Products */,
			);
			sourceTree = "<group>";
		};
		E27C03B026BC13F000AFF748 /* Products */ = {
			isa = PBXGroup;
			children = (
				E27C03AF26BC13F000AFF748 /* Eurovision Scoreboard.app */,
			);
			name = Products;
			sourceTree = "<group>";
		};
		E27C03B126BC13F000AFF748 /* Eurovision Scoreboard */ = {
			isa = PBXGroup;
			children = (
				E27C03C026BC13F200AFF748 /* Info.plist */,
				E27C03B226BC13F000AFF748 /* AppDelegate.swift */,
				E27C03B426BC13F000AFF748 /* SceneDelegate.swift */,
				E27C03BB26BC13F200AFF748 /* Assets.xcassets */,
				E27C03CD26BC247A00AFF748 /* Views */,
				E27C03CC26BC247300AFF748 /* Models */,
				E27C03CB26BC246F00AFF748 /* View Controllers */,
				E27C03CA26BC246A00AFF748 /* Model Controllers */,
				E27C03C926BC246500AFF748 /* Other Controllers */,
				E27C03C826BC246000AFF748 /* Protocols */,
				E27C03C726BC245A00AFF748 /* Extensions */,
				E27C03C626BC245400AFF748 /* Storyboards */,
			);
			path = "Eurovision Scoreboard";
			sourceTree = "<group>";
		};
		E27C03C626BC245400AFF748 /* Storyboards */ = {
			isa = PBXGroup;
			children = (
				E27C03BD26BC13F200AFF748 /* LaunchScreen.storyboard */,
				E27C03B826BC13F000AFF748 /* Main.storyboard */,
			);
			path = Storyboards;
			sourceTree = "<group>";
		};
		E27C03C726BC245A00AFF748 /* Extensions */ = {
			isa = PBXGroup;
			children = (
			);
			path = Extensions;
			sourceTree = "<group>";
		};
		E27C03C826BC246000AFF748 /* Protocols */ = {
			isa = PBXGroup;
			children = (
			);
			path = Protocols;
			sourceTree = "<group>";
		};
		E27C03C926BC246500AFF748 /* Other Controllers */ = {
			isa = PBXGroup;
			children = (
			);
			path = "Other Controllers";
			sourceTree = "<group>";
		};
		E27C03CA26BC246A00AFF748 /* Model Controllers */ = {
			isa = PBXGroup;
			children = (
			);
			path = "Model Controllers";
			sourceTree = "<group>";
		};
		E27C03CB26BC246F00AFF748 /* View Controllers */ = {
			isa = PBXGroup;
			children = (
				E27C03B626BC13F000AFF748 /* ViewController.swift */,
			);
			path = "View Controllers";
			sourceTree = "<group>";
		};
		E27C03CC26BC247300AFF748 /* Models */ = {
			isa = PBXGroup;
			children = (
			);
			path = Models;
			sourceTree = "<group>";
		};
		E27C03CD26BC247A00AFF748 /* Views */ = {
			isa = PBXGroup;
			children = (
				E27C03D026BC41BC00AFF748 /* YearCollectionViewCell.swift */,
			);
			path = Views;
			sourceTree = "<group>";
		};
/* End PBXGroup section */

/* Begin PBXNativeTarget section */
		E27C03AE26BC13F000AFF748 /* Eurovision Scoreboard */ = {
			isa = PBXNativeTarget;
			buildConfigurationList = E27C03C326BC13F200AFF748 /* Build configuration list for PBXNativeTarget "Eurovision Scoreboard" */;
			buildPhases = (
				E27C03AB26BC13F000AFF748 /* Sources */,
				E27C03AC26BC13F000AFF748 /* Frameworks */,
				E27C03AD26BC13F000AFF748 /* Resources */,
			);
			buildRules = (
			);
			dependencies = (
			);
			name = "Eurovision Scoreboard";
			productName = "Eurovision Scoreboard";
			productReference = E27C03AF26BC13F000AFF748 /* Eurovision Scoreboard.app */;
			productType = "com.apple.product-type.application";
		};
/* End PBXNativeTarget section */

/* Begin PBXProject section */
		E27C03A726BC13F000AFF748 /* Project object */ = {
			isa = PBXProject;
			attributes = {
				LastSwiftUpdateCheck = 1250;
				LastUpgradeCheck = 1250;
				TargetAttributes = {
					E27C03AE26BC13F000AFF748 = {
						CreatedOnToolsVersion = 12.5.1;
					};
				};
			};
			buildConfigurationList = E27C03AA26BC13F000AFF748 /* Build configuration list for PBXProject "Eurovision Scoreboard" */;
			compatibilityVersion = "Xcode 9.3";
			developmentRegion = en;
			hasScannedForEncodings = 0;
			knownRegions = (
				en,
				Base,
			);
			mainGroup = E27C03A626BC13F000AFF748;
			productRefGroup = E27C03B026BC13F000AFF748 /* Products */;
			projectDirPath = "";
			projectRoot = "";
			targets = (
				E27C03AE26BC13F000AFF748 /* Eurovision Scoreboard */,
			);
		};
/* End PBXProject section */

/* Begin PBXResourcesBuildPhase section */
		E27C03AD26BC13F000AFF748 /* Resources */ = {
			isa = PBXResourcesBuildPhase;
			buildActionMask = 2147483647;
			files = (
				E27C03BF26BC13F200AFF748 /* LaunchScreen.storyboard in Resources */,
				E27C03BC26BC13F200AFF748 /* Assets.xcassets in Resources */,
				E27C03BA26BC13F000AFF748 /* Main.storyboard in Resources */,
			);
			runOnlyForDeploymentPostprocessing = 0;
		};
/* End PBXResourcesBuildPhase section */

/* Begin PBXSourcesBuildPhase section */
		E27C03AB26BC13F000AFF748 /* Sources */ = {
			isa = PBXSourcesBuildPhase;
			buildActionMask = 2147483647;
			files = (
				E27C03B726BC13F000AFF748 /* ViewController.swift in Sources */,
				E27C03B326BC13F000AFF748 /* AppDelegate.swift in Sources */,
				E27C03B526BC13F000AFF748 /* SceneDelegate.swift in Sources */,
				E27C03D126BC41BC00AFF748 /* YearCollectionViewCell.swift in Sources */,
			);
			runOnlyForDeploymentPostprocessing = 0;
		};
/* End PBXSourcesBuildPhase section */

/* Begin PBXVariantGroup section */
		E27C03B826BC13F000AFF748 /* Main.storyboard */ = {
			isa = PBXVariantGroup;
			children = (
				E27C03B926BC13F000AFF748 /* Base */,
			);
			name = Main.storyboard;
			sourceTree = "<group>";
		};
		E27C03BD26BC13F200AFF748 /* LaunchScreen.storyboard */ = {
			isa = PBXVariantGroup;
			children = (
				E27C03BE26BC13F200AFF748 /* Base */,
			);
			name = LaunchScreen.storyboard;
			sourceTree = "<group>";
		};
/* End PBXVariantGroup section */

/* Begin XCBuildConfiguration section */
		E27C03C126BC13F200AFF748 /* Debug */ = {
			isa = XCBuildConfiguration;
			buildSettings = {
				ALWAYS_SEARCH_USER_PATHS = NO;
				CLANG_ANALYZER_NONNULL = YES;
				CLANG_ANALYZER_NUMBER_OBJECT_CONVERSION = YES_AGGRESSIVE;
				CLANG_CXX_LANGUAGE_STANDARD = "gnu++14";
				CLANG_CXX_LIBRARY = "libc++";
				CLANG_ENABLE_MODULES = YES;
				CLANG_ENABLE_OBJC_ARC = YES;
				CLANG_ENABLE_OBJC_WEAK = YES;
				CLANG_WARN_BLOCK_CAPTURE_AUTORELEASING = YES;
				CLANG_WARN_BOOL_CONVERSION = YES;
				CLANG_WARN_COMMA = YES;
				CLANG_WARN_CONSTANT_CONVERSION = YES;
				CLANG_WARN_DEPRECATED_OBJC_IMPLEMENTATIONS = YES;
				CLANG_WARN_DIRECT_OBJC_ISA_USAGE = YES_ERROR;
				CLANG_WARN_DOCUMENTATION_COMMENTS = YES;
				CLANG_WARN_EMPTY_BODY = YES;
				CLANG_WARN_ENUM_CONVERSION = YES;
				CLANG_WARN_INFINITE_RECURSION = YES;
				CLANG_WARN_INT_CONVERSION = YES;
				CLANG_WARN_NON_LITERAL_NULL_CONVERSION = YES;
				CLANG_WARN_OBJC_IMPLICIT_RETAIN_SELF = YES;
				CLANG_WARN_OBJC_LITERAL_CONVERSION = YES;
				CLANG_WARN_OBJC_ROOT_CLASS = YES_ERROR;
				CLANG_WARN_QUOTED_INCLUDE_IN_FRAMEWORK_HEADER = YES;
				CLANG_WARN_RANGE_LOOP_ANALYSIS = YES;
				CLANG_WARN_STRICT_PROTOTYPES = YES;
				CLANG_WARN_SUSPICIOUS_MOVE = YES;
				CLANG_WARN_UNGUARDED_AVAILABILITY = YES_AGGRESSIVE;
				CLANG_WARN_UNREACHABLE_CODE = YES;
				CLANG_WARN__DUPLICATE_METHOD_MATCH = YES;
				COPY_PHASE_STRIP = NO;
				DEBUG_INFORMATION_FORMAT = dwarf;
				ENABLE_STRICT_OBJC_MSGSEND = YES;
				ENABLE_TESTABILITY = YES;
				GCC_C_LANGUAGE_STANDARD = gnu11;
				GCC_DYNAMIC_NO_PIC = NO;
				GCC_NO_COMMON_BLOCKS = YES;
				GCC_OPTIMIZATION_LEVEL = 0;
				GCC_PREPROCESSOR_DEFINITIONS = (
					"DEBUG=1",
					"$(inherited)",
				);
				GCC_WARN_64_TO_32_BIT_CONVERSION = YES;
				GCC_WARN_ABOUT_RETURN_TYPE = YES_ERROR;
				GCC_WARN_UNDECLARED_SELECTOR = YES;
				GCC_WARN_UNINITIALIZED_AUTOS = YES_AGGRESSIVE;
				GCC_WARN_UNUSED_FUNCTION = YES;
				GCC_WARN_UNUSED_VARIABLE = YES;
				IPHONEOS_DEPLOYMENT_TARGET = 14.5;
				MTL_ENABLE_DEBUG_INFO = INCLUDE_SOURCE;
				MTL_FAST_MATH = YES;
				ONLY_ACTIVE_ARCH = YES;
				SDKROOT = iphoneos;
				SWIFT_ACTIVE_COMPILATION_CONDITIONS = DEBUG;
				SWIFT_OPTIMIZATION_LEVEL = "-Onone";
			};
			name = Debug;
		};
		E27C03C226BC13F200AFF748 /* Release */ = {
			isa = XCBuildConfiguration;
			buildSettings = {
				ALWAYS_SEARCH_USER_PATHS = NO;
				CLANG_ANALYZER_NONNULL = YES;
				CLANG_ANALYZER_NUMBER_OBJECT_CONVERSION = YES_AGGRESSIVE;
				CLANG_CXX_LANGUAGE_STANDARD = "gnu++14";
				CLANG_CXX_LIBRARY = "libc++";
				CLANG_ENABLE_MODULES = YES;
				CLANG_ENABLE_OBJC_ARC = YES;
				CLANG_ENABLE_OBJC_WEAK = YES;
				CLANG_WARN_BLOCK_CAPTURE_AUTORELEASING = YES;
				CLANG_WARN_BOOL_CONVERSION = YES;
				CLANG_WARN_COMMA = YES;
				CLANG_WARN_CONSTANT_CONVERSION = YES;
				CLANG_WARN_DEPRECATED_OBJC_IMPLEMENTATIONS = YES;
				CLANG_WARN_DIRECT_OBJC_ISA_USAGE = YES_ERROR;
				CLANG_WARN_DOCUMENTATION_COMMENTS = YES;
				CLANG_WARN_EMPTY_BODY = YES;
				CLANG_WARN_ENUM_CONVERSION = YES;
				CLANG_WARN_INFINITE_RECURSION = YES;
				CLANG_WARN_INT_CONVERSION = YES;
				CLANG_WARN_NON_LITERAL_NULL_CONVERSION = YES;
				CLANG_WARN_OBJC_IMPLICIT_RETAIN_SELF = YES;
				CLANG_WARN_OBJC_LITERAL_CONVERSION = YES;
				CLANG_WARN_OBJC_ROOT_CLASS = YES_ERROR;
				CLANG_WARN_QUOTED_INCLUDE_IN_FRAMEWORK_HEADER = YES;
				CLANG_WARN_RANGE_LOOP_ANALYSIS = YES;
				CLANG_WARN_STRICT_PROTOTYPES = YES;
				CLANG_WARN_SUSPICIOUS_MOVE = YES;
				CLANG_WARN_UNGUARDED_AVAILABILITY = YES_AGGRESSIVE;
				CLANG_WARN_UNREACHABLE_CODE = YES;
				CLANG_WARN__DUPLICATE_METHOD_MATCH = YES;
				COPY_PHASE_STRIP = NO;
				DEBUG_INFORMATION_FORMAT = "dwarf-with-dsym";
				ENABLE_NS_ASSERTIONS = NO;
				ENABLE_STRICT_OBJC_MSGSEND = YES;
				GCC_C_LANGUAGE_STANDARD = gnu11;
				GCC_NO_COMMON_BLOCKS = YES;
				GCC_WARN_64_TO_32_BIT_CONVERSION = YES;
				GCC_WARN_ABOUT_RETURN_TYPE = YES_ERROR;
				GCC_WARN_UNDECLARED_SELECTOR = YES;
				GCC_WARN_UNINITIALIZED_AUTOS = YES_AGGRESSIVE;
				GCC_WARN_UNUSED_FUNCTION = YES;
				GCC_WARN_UNUSED_VARIABLE = YES;
				IPHONEOS_DEPLOYMENT_TARGET = 14.5;
				MTL_ENABLE_DEBUG_INFO = NO;
				MTL_FAST_MATH = YES;
				SDKROOT = iphoneos;
				SWIFT_COMPILATION_MODE = wholemodule;
				SWIFT_OPTIMIZATION_LEVEL = "-O";
				VALIDATE_PRODUCT = YES;
			};
			name = Release;
		};
		E27C03C426BC13F200AFF748 /* Debug */ = {
			isa = XCBuildConfiguration;
			buildSettings = {
				ASSETCATALOG_COMPILER_APPICON_NAME = AppIcon;
				ASSETCATALOG_COMPILER_GLOBAL_ACCENT_COLOR_NAME = AccentColor;
				CODE_SIGN_STYLE = Automatic;
				DEVELOPMENT_TEAM = HCW5LR94BF;
				INFOPLIST_FILE = "Eurovision Scoreboard/Info.plist";
				LD_RUNPATH_SEARCH_PATHS = (
					"$(inherited)",
					"@executable_path/Frameworks",
				);
				PRODUCT_BUNDLE_IDENTIFIER = "com.dkdev.Eurovision-Scoreboard";
				PRODUCT_NAME = "$(TARGET_NAME)";
				SWIFT_VERSION = 5.0;
				TARGETED_DEVICE_FAMILY = "1,2";
			};
			name = Debug;
		};
		E27C03C526BC13F200AFF748 /* Release */ = {
			isa = XCBuildConfiguration;
			buildSettings = {
				ASSETCATALOG_COMPILER_APPICON_NAME = AppIcon;
				ASSETCATALOG_COMPILER_GLOBAL_ACCENT_COLOR_NAME = AccentColor;
				CODE_SIGN_STYLE = Automatic;
				DEVELOPMENT_TEAM = HCW5LR94BF;
				INFOPLIST_FILE = "Eurovision Scoreboard/Info.plist";
				LD_RUNPATH_SEARCH_PATHS = (
					"$(inherited)",
					"@executable_path/Frameworks",
				);
				PRODUCT_BUNDLE_IDENTIFIER = "com.dkdev.Eurovision-Scoreboard";
				PRODUCT_NAME = "$(TARGET_NAME)";
				SWIFT_VERSION = 5.0;
				TARGETED_DEVICE_FAMILY = "1,2";
			};
			name = Release;
		};
/* End XCBuildConfiguration section */

/* Begin XCConfigurationList section */
		E27C03AA26BC13F000AFF748 /* Build configuration list for PBXProject "Eurovision Scoreboard" */ = {
			isa = XCConfigurationList;
			buildConfigurations = (
				E27C03C126BC13F200AFF748 /* Debug */,
				E27C03C226BC13F200AFF748 /* Release */,
			);
			defaultConfigurationIsVisible = 0;
			defaultConfigurationName = Release;
		};
		E27C03C326BC13F200AFF748 /* Build configuration list for PBXNativeTarget "Eurovision Scoreboard" */ = {
			isa = XCConfigurationList;
			buildConfigurations = (
				E27C03C426BC13F200AFF748 /* Debug */,
				E27C03C526BC13F200AFF748 /* Release */,
			);
			defaultConfigurationIsVisible = 0;
			defaultConfigurationName = Release;
		};
/* End XCConfigurationList section */
	};
	rootObject = E27C03A726BC13F000AFF748 /* Project object */;
}
